
Microsoft Visual Studio Solution File, Format Version 12.00
# Visual Studio 15
VisualStudioVersion = 15.0.28010.2003
MinimumVisualStudioVersion = 10.0.40219.1
Project("{FAE04EC0-301F-11D3-BF4B-00C04F79EFBC}") = "BNF Demo", "BNF Demo\BNF Demo.csproj", "{D7312029-10E2-4766-BB93-36D5A5E41C19}"
EndProject
Global
	GlobalSection(SolutionConfigurationPlatforms) = preSolution
		Debug|Any CPU = Debug|Any CPU
		Release|Any CPU = Release|Any CPU
	EndGlobalSection
	GlobalSection(ProjectConfigurationPlatforms) = postSolution
		{D7312029-10E2-4766-BB93-36D5A5E41C19}.Debug|Any CPU.ActiveCfg = Debug|Any CPU
		{D7312029-10E2-4766-BB93-36D5A5E41C19}.Debug|Any CPU.Build.0 = Debug|Any CPU
		{D7312029-10E2-4766-BB93-36D5A5E41C19}.Release|Any CPU.ActiveCfg = Release|Any CPU
		{D7312029-10E2-4766-BB93-36D5A5E41C19}.Release|Any CPU.Build.0 = Release|Any CPU
	EndGlobalSection
	GlobalSection(SolutionProperties) = preSolution
		HideSolutionNode = FALSE
	EndGlobalSection
	GlobalSection(ExtensibilityGlobals) = postSolution
		SolutionGuid = {4D1E71D4-E4C4-4B1C-845B-EE8C58930984}
	EndGlobalSection
EndGlobal
